
Microsoft Visual Studio Solution File, Format Version 12.00
# Visual Studio 15
Project("{FAE04EC0-301F-11D3-BF4B-00C04F79EFBC}") = "Assembly-CSharp", "Assembly-CSharp.csproj", "{3AF37DE7-B9B6-216E-3DD2-360AD1A7D0FC}"
EndProject
Project("{FAE04EC0-301F-11D3-BF4B-00C04F79EFBC}") = "NavMeshPlus", "NavMeshPlus.csproj", "{2572B5C4-D7ED-77B1-0CA0-19DEA0536E46}"
EndProject
Project("{FAE04EC0-301F-11D3-BF4B-00C04F79EFBC}") = "NavMeshPlusEditor", "NavMeshPlusEditor.csproj", "{D46CF562-41B9-AE14-BD20-9B3235790029}"
EndProject
Global
	GlobalSection(SolutionConfigurationPlatforms) = preSolution
		Debug|Any CPU = Debug|Any CPU
		Release|Any CPU = Release|Any CPU
	EndGlobalSection
	GlobalSection(ProjectConfigurationPlatforms) = postSolution
		{3AF37DE7-B9B6-216E-3DD2-360AD1A7D0FC}.Debug|Any CPU.ActiveCfg = Debug|Any CPU
		{3AF37DE7-B9B6-216E-3DD2-360AD1A7D0FC}.Debug|Any CPU.Build.0 = Debug|Any CPU
		{3AF37DE7-B9B6-216E-3DD2-360AD1A7D0FC}.Release|Any CPU.ActiveCfg = Release|Any CPU
		{3AF37DE7-B9B6-216E-3DD2-360AD1A7D0FC}.Release|Any CPU.Build.0 = Release|Any CPU
		{2572B5C4-D7ED-77B1-0CA0-19DEA0536E46}.Debug|Any CPU.ActiveCfg = Debug|Any CPU
		{2572B5C4-D7ED-77B1-0CA0-19DEA0536E46}.Debug|Any CPU.Build.0 = Debug|Any CPU
		{2572B5C4-D7ED-77B1-0CA0-19DEA0536E46}.Release|Any CPU.ActiveCfg = Release|Any CPU
		{2572B5C4-D7ED-77B1-0CA0-19DEA0536E46}.Release|Any CPU.Build.0 = Release|Any CPU
		{D46CF562-41B9-AE14-BD20-9B3235790029}.Debug|Any CPU.ActiveCfg = Debug|Any CPU
		{D46CF562-41B9-AE14-BD20-9B3235790029}.Debug|Any CPU.Build.0 = Debug|Any CPU
		{D46CF562-41B9-AE14-BD20-9B3235790029}.Release|Any CPU.ActiveCfg = Release|Any CPU
		{D46CF562-41B9-AE14-BD20-9B3235790029}.Release|Any CPU.Build.0 = Release|Any CPU
	EndGlobalSection
	GlobalSection(SolutionProperties) = preSolution
		HideSolutionNode = FALSE
	EndGlobalSection
EndGlobal
